{
    "_readme": [
        "This file locks the dependencies of your project to a known state",
        "Read more about it at https://getcomposer.org/doc/01-basic-usage.md#installing-dependencies",
        "This file is @generated automatically"
    ],
    "content-hash": "00377c0ae7761f387e260ba5c4538255",
    "packages": [
        {
            "name": "bcosca/fatfree",
            "version": "3.9.0",
            "source": {
                "type": "git",
                "url": "https://github.com/bcosca/fatfree.git",
                "reference": "9563e848a403c8e932633f8daef7dda5b2f64ec6"
            },
            "dist": {
                "type": "zip",
                "url": "https://api.github.com/repos/bcosca/fatfree/zipball/9563e848a403c8e932633f8daef7dda5b2f64ec6",
                "reference": "9563e848a403c8e932633f8daef7dda5b2f64ec6",
                "shasum": ""
            },
            "require": {
                "bcosca/fatfree-core": "^3.8"
            },
            "type": "project",
            "notification-url": "https://packagist.org/downloads/",
            "license": [
                "GPL-3.0"
            ],
            "description": "A powerful yet easy-to-use PHP micro-framework designed to help you build dynamic and robust Web applications - fast!",
            "homepage": "http://fatfreeframework.com/",
            "support": {
                "issues": "https://github.com/bcosca/fatfree/issues",
                "source": "https://github.com/bcosca/fatfree/tree/3.9.0"
            },
            "time": "2024-12-29T16:02:38+00:00"
        },
        {
            "name": "bcosca/fatfree-core",
            "version": "3.9.0",
            "source": {
                "type": "git",
                "url": "https://github.com/f3-factory/fatfree-core.git",
                "reference": "227b3b03315ab86b1601d9e9fd8e07efbedf6ab9"
            },
            "dist": {
                "type": "zip",
                "url": "https://api.github.com/repos/f3-factory/fatfree-core/zipball/227b3b03315ab86b1601d9e9fd8e07efbedf6ab9",
                "reference": "227b3b03315ab86b1601d9e9fd8e07efbedf6ab9",
                "shasum": ""
            },
            "require": {
                "php": ">=7.2"
            },
            "type": "library",
            "autoload": {
                "classmap": [
                    "."
                ]
            },
            "notification-url": "https://packagist.org/downloads/",
            "license": [
                "GPL-3.0"
            ],
            "description": "A powerful yet easy-to-use PHP micro-framework designed to help you build dynamic and robust Web applications - fast!",
            "homepage": "http://fatfreeframework.com/",
            "support": {
                "issues": "https://github.com/f3-factory/fatfree-core/issues",
                "source": "https://github.com/f3-factory/fatfree-core/tree/3.9.0"
            },
            "funding": [
                {
                    "url": "https://www.buymeacoffee.com/ikkez",
                    "type": "buy_me_a_coffee"
                },
                {
                    "url": "https://github.com/ikkez",
                    "type": "github"
                }
            ],
            "time": "2024-12-31T17:11:04+00:00"
        },
        {
            "name": "dompdf/dompdf",
            "version": "v0.6.2",
            "source": {
                "type": "git",
                "url": "https://github.com/dompdf/dompdf.git",
                "reference": "cc06008f75262510ee135b8cbb14e333a309f651"
            },
            "dist": {
                "type": "zip",
                "url": "https://api.github.com/repos/dompdf/dompdf/zipball/cc06008f75262510ee135b8cbb14e333a309f651",
                "reference": "cc06008f75262510ee135b8cbb14e333a309f651",
                "shasum": ""
            },
            "require": {
                "phenx/php-font-lib": "0.2.*"
            },
            "type": "library",
            "autoload": {
                "classmap": [
                    "include/"
                ]
            },
            "notification-url": "https://packagist.org/downloads/",
            "license": [
                "LGPL"
            ],
            "authors": [
                {
                    "name": "Fabien Ménager",
                    "email": "fabien.menager@gmail.com"
                },
                {
                    "name": "Brian Sweeney",
                    "email": "eclecticgeek@gmail.com"
                }
            ],
            "description": "DOMPDF is a CSS 2.1 compliant HTML to PDF converter",
            "homepage": "https://github.com/dompdf/dompdf",
            "support": {
                "issues": "https://github.com/dompdf/dompdf/issues",
                "source": "https://github.com/dompdf/dompdf/tree/master"
            },
            "time": "2015-12-07T04:07:13+00:00"
        },
        {
            "name": "phenx/php-font-lib",
            "version": "0.2.2",
            "source": {
                "type": "git",
                "url": "https://github.com/PhenX/php-font-lib.git",
                "reference": "c30c7fc00a6b0d863e9bb4c5d5dd015298b2dc82"
            },
            "dist": {
                "type": "zip",
                "url": "https://api.github.com/repos/PhenX/php-font-lib/zipball/c30c7fc00a6b0d863e9bb4c5d5dd015298b2dc82",
                "reference": "c30c7fc00a6b0d863e9bb4c5d5dd015298b2dc82",
                "shasum": ""
            },
            "type": "library",
            "autoload": {
                "classmap": [
                    "classes/"
                ]
            },
            "notification-url": "https://packagist.org/downloads/",
            "license": [
                "LGPL"
            ],
            "authors": [
                {
                    "name": "Fabien Ménager",
                    "email": "fabien.menager@gmail.com"
                }
            ],
            "description": "A library to read, parse, export and make subsets of different types of font files.",
            "homepage": "https://github.com/PhenX/php-font-lib",
            "support": {
                "issues": "https://github.com/PhenX/php-font-lib/issues",
                "source": "https://github.com/PhenX/php-font-lib/tree/master"
            },
            "time": "2014-02-01T15:22:28+00:00"
        },
        {
            "name": "vlucas/valitron",
            "version": "v1.4.11",
            "source": {
                "type": "git",
                "url": "https://github.com/vlucas/valitron.git",
                "reference": "fadce39f5f235755bb9794b2573af2d5bfcba85f"
            },
            "dist": {
                "type": "zip",
                "url": "https://api.github.com/repos/vlucas/valitron/zipball/fadce39f5f235755bb9794b2573af2d5bfcba85f",
                "reference": "fadce39f5f235755bb9794b2573af2d5bfcba85f",
                "shasum": ""
            },
            "require": {
                "php": ">=5.3.2"
            },
            "require-dev": {
                "phpunit/phpunit": ">=4.8.35"
            },
            "suggest": {
                "ext-mbstring": "It can support the multiple bytes string length."
            },
            "type": "library",
            "autoload": {
                "psr-4": {
                    "Valitron\\": "src/Valitron"
                }
            },
            "notification-url": "https://packagist.org/downloads/",
            "license": [
                "BSD-3-Clause"
            ],
            "authors": [
                {
                    "name": "Vance Lucas",
                    "email": "vance@vancelucas.com",
                    "homepage": "https://www.vancelucas.com"
                }
            ],
            "description": "Simple, elegant, stand-alone validation library with NO dependencies",
            "homepage": "https://github.com/vlucas/valitron",
            "keywords": [
                "valid",
                "validation",
                "validator"
            ],
            "support": {
                "issues": "https://github.com/vlucas/valitron/issues",
                "source": "https://github.com/vlucas/valitron/tree/v1.4.11"
            },
            "funding": [
                {
                    "url": "https://tidelift.com/funding/github/packagist/vlucas/valitron",
                    "type": "tidelift"
                }
            ],
            "time": "2022-10-14T11:54:24+00:00"
        }
    ],
    "packages-dev": [],
    "aliases": [],
    "minimum-stability": "stable",
    "stability-flags": {},
    "prefer-stable": false,
    "prefer-lowest": false,
    "platform": {},
    "platform-dev": {},
    "plugin-api-version": "2.6.0"
}
